
Microsoft Visual Studio Solution File, Format Version 12.00
# Visual Studio Version 16
VisualStudioVersion = 16.0.29519.181
MinimumVisualStudioVersion = 10.0.40219.1
Project("{9A19103F-16F7-4668-BE54-9A1E7A4F7556}") = "Advent", "Advent\Advent.csproj", "{709805AD-AE69-416C-A190-5C37378E152A}"
EndProject
Global
	GlobalSection(SolutionConfigurationPlatforms) = preSolution
		Debug|Any CPU = Debug|Any CPU
		Release|Any CPU = Release|Any CPU
	EndGlobalSection
	GlobalSection(ProjectConfigurationPlatforms) = postSolution
		{709805AD-AE69-416C-A190-5C37378E152A}.Debug|Any CPU.ActiveCfg = Debug|Any CPU
		{709805AD-AE69-416C-A190-5C37378E152A}.Debug|Any CPU.Build.0 = Debug|Any CPU
		{709805AD-AE69-416C-A190-5C37378E152A}.Release|Any CPU.ActiveCfg = Release|Any CPU
		{709805AD-AE69-416C-A190-5C37378E152A}.Release|Any CPU.Build.0 = Release|Any CPU
	EndGlobalSection
	GlobalSection(SolutionProperties) = preSolution
		HideSolutionNode = FALSE
	EndGlobalSection
	GlobalSection(ExtensibilityGlobals) = postSolution
		SolutionGuid = {7DBC8932-AB65-4BA6-A679-CD845161FACC}
	EndGlobalSection
EndGlobal
